
Microsoft Visual Studio Solution File, Format Version 12.00
# Visual Studio Version 17
VisualStudioVersion = 17.7.34202.233
MinimumVisualStudioVersion = 10.0.40219.1
Project("{FAE04EC0-301F-11D3-BF4B-00C04F79EFBC}") = "Supermodel.UI", "Supermodel.UI.csproj", "{3F042621-EF32-4BDC-AB9A-091A5EE05491}"
EndProject
Global
	GlobalSection(SolutionConfigurationPlatforms) = preSolution
		Debug|Any CPU = Debug|Any CPU
		Release|Any CPU = Release|Any CPU
	EndGlobalSection
	GlobalSection(ProjectConfigurationPlatforms) = postSolution
		{3F042621-EF32-4BDC-AB9A-091A5EE05491}.Debug|Any CPU.ActiveCfg = Debug|Any CPU
		{3F042621-EF32-4BDC-AB9A-091A5EE05491}.Debug|Any CPU.Build.0 = Debug|Any CPU
		{3F042621-EF32-4BDC-AB9A-091A5EE05491}.Release|Any CPU.ActiveCfg = Release|Any CPU
		{3F042621-EF32-4BDC-AB9A-091A5EE05491}.Release|Any CPU.Build.0 = Release|Any CPU
	EndGlobalSection
	GlobalSection(SolutionProperties) = preSolution
		HideSolutionNode = FALSE
	EndGlobalSection
	GlobalSection(ExtensibilityGlobals) = postSolution
		SolutionGuid = {05BD969A-28E6-4D37-B25F-239E4B0A4DD4}
	EndGlobalSection
EndGlobal
